
Microsoft Visual Studio Solution File, Format Version 12.00
# Visual Studio Version 17
VisualStudioVersion = 17.5.33530.505
MinimumVisualStudioVersion = 10.0.40219.1
Project("{FAE04EC0-301F-11D3-BF4B-00C04F79EFBC}") = "AF.AuditTrail.Sample", "AF.AuditTrail.Sample\AF.AuditTrail.Sample.csproj", "{FE73A862-5F90-4B75-98CD-30B9D1A8C4EE}"
EndProject
Global
	GlobalSection(SolutionConfigurationPlatforms) = preSolution
		Debug|Any CPU = Debug|Any CPU
		Release|Any CPU = Release|Any CPU
	EndGlobalSection
	GlobalSection(ProjectConfigurationPlatforms) = postSolution
		{FE73A862-5F90-4B75-98CD-30B9D1A8C4EE}.Debug|Any CPU.ActiveCfg = Debug|Any CPU
		{FE73A862-5F90-4B75-98CD-30B9D1A8C4EE}.Debug|Any CPU.Build.0 = Debug|Any CPU
		{FE73A862-5F90-4B75-98CD-30B9D1A8C4EE}.Release|Any CPU.ActiveCfg = Release|Any CPU
		{FE73A862-5F90-4B75-98CD-30B9D1A8C4EE}.Release|Any CPU.Build.0 = Release|Any CPU
	EndGlobalSection
	GlobalSection(SolutionProperties) = preSolution
		HideSolutionNode = FALSE
	EndGlobalSection
	GlobalSection(ExtensibilityGlobals) = postSolution
		SolutionGuid = {0DEE175A-AAA8-44EB-BE66-3FB4E18D1E2C}
	EndGlobalSection
EndGlobal
